// !$*UTF8*$!
{
	archiveVersion = 1;
	classes = {
	};
	objectVersion = 46;
	objects = {

/* Begin PBXBuildFile section */
		3A6BA7E71B6783850030AE06 /* Light.h in Headers */ = {isa = PBXBuildFile; fileRef = 3A6BA7E51B6783850030AE06 /* Light.h */; };
		3A6BA7E81B6783850030AE06 /* Light.m in Sources */ = {isa = PBXBuildFile; fileRef = 3A6BA7E61B6783850030AE06 /* Light.m */; };
		3A6BA7EB1B6783A10030AE06 /* switcher.h in Headers */ = {isa = PBXBuildFile; fileRef = 3A6BA7E91B6783A10030AE06 /* switcher.h */; };
		3A6BA7EC1B6783A10030AE06 /* switcher.m in Sources */ = {isa = PBXBuildFile; fileRef = 3A6BA7EA1B6783A10030AE06 /* switcher.m */; };
		3A6BA7EE1B67A2820030AE06 /* sigslotTest.m in Sources */ = {isa = PBXBuildFile; fileRef = 3A6BA7ED1B67A2820030AE06 /* sigslotTest.m */; };
		3A7646821B674E9E00738A93 /* sigslot.h in Headers */ = {isa = PBXBuildFile; fileRef = 3A7646811B674E9E00738A93 /* sigslot.h */; };
		3A7646841B674E9E00738A93 /* sigslot.m in Sources */ = {isa = PBXBuildFile; fileRef = 3A7646831B674E9E00738A93 /* sigslot.m */; };
		3A76468A1B674E9E00738A93 /* libsigslot.dylib in Frameworks */ = {isa = PBXBuildFile; fileRef = 3A76467E1B674E9E00738A93 /* libsigslot.dylib */; };
		3A76469A1B67506800738A93 /* hasSlots.h in Headers */ = {isa = PBXBuildFile; fileRef = 3A7646981B67506800738A93 /* hasSlots.h */; };
		3A76469B1B67506800738A93 /* hasSlots.m in Sources */ = {isa = PBXBuildFile; fileRef = 3A7646991B67506800738A93 /* hasSlots.m */; };
		3A76469E1B6750CA00738A93 /* connectBase.h in Headers */ = {isa = PBXBuildFile; fileRef = 3A76469C1B6750CA00738A93 /* connectBase.h */; };
		3A76469F1B6750CA00738A93 /* connectBase.m in Sources */ = {isa = PBXBuildFile; fileRef = 3A76469D1B6750CA00738A93 /* connectBase.m */; };
		3A7646A21B6750E500738A93 /* signalBase.h in Headers */ = {isa = PBXBuildFile; fileRef = 3A7646A01B6750E500738A93 /* signalBase.h */; };
		3A7646A31B6750E500738A93 /* signalBase.m in Sources */ = {isa = PBXBuildFile; fileRef = 3A7646A11B6750E500738A93 /* signalBase.m */; };
/* End PBXBuildFile section */

/* Begin PBXContainerItemProxy section */
		3A76468B1B674E9E00738A93 /* PBXContainerItemProxy */ = {
			isa = PBXContainerItemProxy;
			containerPortal = 3A7646761B674E9E00738A93 /* Project object */;
			proxyType = 1;
			remoteGlobalIDString = 3A76467D1B674E9E00738A93;
			remoteInfo = sigslot;
		};
/* End PBXContainerItemProxy section */

/* Begin PBXFileReference section */
		3A6BA7E51B6783850030AE06 /* Light.h */ = {isa = PBXFileReference; fileEncoding = 4; lastKnownFileType = sourcecode.c.h; path = Light.h; sourceTree = "<group>"; };
		3A6BA7E61B6783850030AE06 /* Light.m */ = {isa = PBXFileReference; fileEncoding = 4; lastKnownFileType = sourcecode.c.objc; path = Light.m; sourceTree = "<group>"; };
		3A6BA7E91B6783A10030AE06 /* switcher.h */ = {isa = PBXFileReference; fileEncoding = 4; lastKnownFileType = sourcecode.c.h; path = switcher.h; sourceTree = "<group>"; };
		3A6BA7EA1B6783A10030AE06 /* switcher.m */ = {isa = PBXFileReference; fileEncoding = 4; lastKnownFileType = sourcecode.c.objc; path = switcher.m; sourceTree = "<group>"; };
		3A6BA7ED1B67A2820030AE06 /* sigslotTest.m */ = {isa = PBXFileReference; fileEncoding = 4; lastKnownFileType = sourcecode.c.objc; path = sigslotTest.m; sourceTree = "<group>"; };
		3A76467E1B674E9E00738A93 /* libsigslot.dylib */ = {isa = PBXFileReference; explicitFileType = "compiled.mach-o.dylib"; includeInIndex = 0; path = libsigslot.dylib; sourceTree = BUILT_PRODUCTS_DIR; };
		3A7646811B674E9E00738A93 /* sigslot.h */ = {isa = PBXFileReference; lastKnownFileType = sourcecode.c.h; path = sigslot.h; sourceTree = "<group>"; };
		3A7646831B674E9E00738A93 /* sigslot.m */ = {isa = PBXFileReference; lastKnownFileType = sourcecode.c.objc; path = sigslot.m; sourceTree = "<group>"; };
		3A7646891B674E9E00738A93 /* sigslotTests.xctest */ = {isa = PBXFileReference; explicitFileType = wrapper.cfbundle; includeInIndex = 0; path = sigslotTests.xctest; sourceTree = BUILT_PRODUCTS_DIR; };
		3A76468F1B674E9E00738A93 /* Info.plist */ = {isa = PBXFileReference; lastKnownFileType = text.plist.xml; path = Info.plist; sourceTree = "<group>"; };
		3A7646981B67506800738A93 /* hasSlots.h */ = {isa = PBXFileReference; fileEncoding = 4; lastKnownFileType = sourcecode.c.h; path = hasSlots.h; sourceTree = "<group>"; };
		3A7646991B67506800738A93 /* hasSlots.m */ = {isa = PBXFileReference; fileEncoding = 4; lastKnownFileType = sourcecode.c.objc; path = hasSlots.m; sourceTree = "<group>"; };
		3A76469C1B6750CA00738A93 /* connectBase.h */ = {isa = PBXFileReference; fileEncoding = 4; lastKnownFileType = sourcecode.c.h; path = connectBase.h; sourceTree = "<group>"; };
		3A76469D1B6750CA00738A93 /* connectBase.m */ = {isa = PBXFileReference; fileEncoding = 4; lastKnownFileType = sourcecode.c.objc; path = connectBase.m; sourceTree = "<group>"; };
		3A7646A01B6750E500738A93 /* signalBase.h */ = {isa = PBXFileReference; fileEncoding = 4; lastKnownFileType = sourcecode.c.h; path = signalBase.h; sourceTree = "<group>"; };
		3A7646A11B6750E500738A93 /* signalBase.m */ = {isa = PBXFileReference; fileEncoding = 4; lastKnownFileType = sourcecode.c.objc; path = signalBase.m; sourceTree = "<group>"; };
/* End PBXFileReference section */

/* Begin PBXFrameworksBuildPhase section */
		3A76467B1B674E9E00738A93 /* Frameworks */ = {
			isa = PBXFrameworksBuildPhase;
			buildActionMask = 2147483647;
			files = (
			);
			runOnlyForDeploymentPostprocessing = 0;
		};
		3A7646861B674E9E00738A93 /* Frameworks */ = {
			isa = PBXFrameworksBuildPhase;
			buildActionMask = 2147483647;
			files = (
				3A76468A1B674E9E00738A93 /* libsigslot.dylib in Frameworks */,
			);
			runOnlyForDeploymentPostprocessing = 0;
		};
/* End PBXFrameworksBuildPhase section */

/* Begin PBXGroup section */
		3A6BA7E41B6783300030AE06 /* example */ = {
			isa = PBXGroup;
			children = (
				3A6BA7E51B6783850030AE06 /* Light.h */,
				3A6BA7E61B6783850030AE06 /* Light.m */,
				3A6BA7E91B6783A10030AE06 /* switcher.h */,
				3A6BA7EA1B6783A10030AE06 /* switcher.m */,
			);
			name = example;
			sourceTree = "<group>";
		};
		3A7646751B674E9E00738A93 = {
			isa = PBXGroup;
			children = (
				3A6BA7E41B6783300030AE06 /* example */,
				3A7646801B674E9E00738A93 /* sigslot */,
				3A76468D1B674E9E00738A93 /* sigslotTests */,
				3A76467F1B674E9E00738A93 /* Products */,
			);
			sourceTree = "<group>";
		};
		3A76467F1B674E9E00738A93 /* Products */ = {
			isa = PBXGroup;
			children = (
				3A76467E1B674E9E00738A93 /* libsigslot.dylib */,
				3A7646891B674E9E00738A93 /* sigslotTests.xctest */,
			);
			name = Products;
			sourceTree = "<group>";
		};
		3A7646801B674E9E00738A93 /* sigslot */ = {
			isa = PBXGroup;
			children = (
				3A7646811B674E9E00738A93 /* sigslot.h */,
				3A7646831B674E9E00738A93 /* sigslot.m */,
				3A7646981B67506800738A93 /* hasSlots.h */,
				3A7646991B67506800738A93 /* hasSlots.m */,
				3A76469C1B6750CA00738A93 /* connectBase.h */,
				3A76469D1B6750CA00738A93 /* connectBase.m */,
				3A7646A01B6750E500738A93 /* signalBase.h */,
				3A7646A11B6750E500738A93 /* signalBase.m */,
			);
			path = sigslot;
			sourceTree = "<group>";
		};
		3A76468D1B674E9E00738A93 /* sigslotTests */ = {
			isa = PBXGroup;
			children = (
				3A76468E1B674E9E00738A93 /* Supporting Files */,
				3A6BA7ED1B67A2820030AE06 /* sigslotTest.m */,
			);
			path = sigslotTests;
			sourceTree = "<group>";
		};
		3A76468E1B674E9E00738A93 /* Supporting Files */ = {
			isa = PBXGroup;
			children = (
				3A76468F1B674E9E00738A93 /* Info.plist */,
			);
			name = "Supporting Files";
			sourceTree = "<group>";
		};
/* End PBXGroup section */

/* Begin PBXHeadersBuildPhase section */
		3A76467C1B674E9E00738A93 /* Headers */ = {
			isa = PBXHeadersBuildPhase;
			buildActionMask = 2147483647;
			files = (
				3A7646821B674E9E00738A93 /* sigslot.h in Headers */,
				3A6BA7E71B6783850030AE06 /* Light.h in Headers */,
				3A76469E1B6750CA00738A93 /* connectBase.h in Headers */,
				3A6BA7EB1B6783A10030AE06 /* switcher.h in Headers */,
				3A76469A1B67506800738A93 /* hasSlots.h in Headers */,
				3A7646A21B6750E500738A93 /* signalBase.h in Headers */,
			);
			runOnlyForDeploymentPostprocessing = 0;
		};
/* End PBXHeadersBuildPhase section */

/* Begin PBXNativeTarget section */
		3A76467D1B674E9E00738A93 /* sigslot */ = {
			isa = PBXNativeTarget;
			buildConfigurationList = 3A7646921B674E9E00738A93 /* Build configuration list for PBXNativeTarget "sigslot" */;
			buildPhases = (
				3A76467A1B674E9E00738A93 /* Sources */,
				3A76467B1B674E9E00738A93 /* Frameworks */,
				3A76467C1B674E9E00738A93 /* Headers */,
			);
			buildRules = (
			);
			dependencies = (
			);
			name = sigslot;
			productName = sigslot;
			productReference = 3A76467E1B674E9E00738A93 /* libsigslot.dylib */;
			productType = "com.apple.product-type.library.dynamic";
		};
		3A7646881B674E9E00738A93 /* sigslotTests */ = {
			isa = PBXNativeTarget;
			buildConfigurationList = 3A7646951B674E9E00738A93 /* Build configuration list for PBXNativeTarget "sigslotTests" */;
			buildPhases = (
				3A7646851B674E9E00738A93 /* Sources */,
				3A7646861B674E9E00738A93 /* Frameworks */,
				3A7646871B674E9E00738A93 /* Resources */,
			);
			buildRules = (
			);
			dependencies = (
				3A76468C1B674E9E00738A93 /* PBXTargetDependency */,
			);
			name = sigslotTests;
			productName = sigslotTests;
			productReference = 3A7646891B674E9E00738A93 /* sigslotTests.xctest */;
			productType = "com.apple.product-type.bundle.unit-test";
		};
/* End PBXNativeTarget section */

/* Begin PBXProject section */
		3A7646761B674E9E00738A93 /* Project object */ = {
			isa = PBXProject;
			attributes = {
				LastUpgradeCheck = 0630;
				ORGANIZATIONNAME = MacWrs;
				TargetAttributes = {
					3A76467D1B674E9E00738A93 = {
						CreatedOnToolsVersion = 6.3.1;
					};
					3A7646881B674E9E00738A93 = {
						CreatedOnToolsVersion = 6.3.1;
					};
				};
			};
			buildConfigurationList = 3A7646791B674E9E00738A93 /* Build configuration list for PBXProject "sigslot" */;
			compatibilityVersion = "Xcode 3.2";
			developmentRegion = English;
			hasScannedForEncodings = 0;
			knownRegions = (
				en,
			);
			mainGroup = 3A7646751B674E9E00738A93;
			productRefGroup = 3A76467F1B674E9E00738A93 /* Products */;
			projectDirPath = "";
			projectRoot = "";
			targets = (
				3A76467D1B674E9E00738A93 /* sigslot */,
				3A7646881B674E9E00738A93 /* sigslotTests */,
			);
		};
/* End PBXProject section */

/* Begin PBXResourcesBuildPhase section */
		3A7646871B674E9E00738A93 /* Resources */ = {
			isa = PBXResourcesBuildPhase;
			buildActionMask = 2147483647;
			files = (
			);
			runOnlyForDeploymentPostprocessing = 0;
		};
/* End PBXResourcesBuildPhase section */

/* Begin PBXSourcesBuildPhase section */
		3A76467A1B674E9E00738A93 /* Sources */ = {
			isa = PBXSourcesBuildPhase;
			buildActionMask = 2147483647;
			files = (
				3A7646A31B6750E500738A93 /* signalBase.m in Sources */,
				3A6BA7E81B6783850030AE06 /* Light.m in Sources */,
				3A76469B1B67506800738A93 /* hasSlots.m in Sources */,
				3A76469F1B6750CA00738A93 /* connectBase.m in Sources */,
				3A6BA7EC1B6783A10030AE06 /* switcher.m in Sources */,
				3A7646841B674E9E00738A93 /* sigslot.m in Sources */,
			);
			runOnlyForDeploymentPostprocessing = 0;
		};
		3A7646851B674E9E00738A93 /* Sources */ = {
			isa = PBXSourcesBuildPhase;
			buildActionMask = 2147483647;
			files = (
				3A6BA7EE1B67A2820030AE06 /* sigslotTest.m in Sources */,
			);
			runOnlyForDeploymentPostprocessing = 0;
		};
/* End PBXSourcesBuildPhase section */

/* Begin PBXTargetDependency section */
		3A76468C1B674E9E00738A93 /* PBXTargetDependency */ = {
			isa = PBXTargetDependency;
			target = 3A76467D1B674E9E00738A93 /* sigslot */;
			targetProxy = 3A76468B1B674E9E00738A93 /* PBXContainerItemProxy */;
		};
/* End PBXTargetDependency section */

/* Begin XCBuildConfiguration section */
		3A7646901B674E9E00738A93 /* Debug */ = {
			isa = XCBuildConfiguration;
			buildSettings = {
				ALWAYS_SEARCH_USER_PATHS = NO;
				CLANG_CXX_LANGUAGE_STANDARD = "gnu++0x";
				CLANG_CXX_LIBRARY = "libc++";
				CLANG_ENABLE_MODULES = YES;
				CLANG_ENABLE_OBJC_ARC = YES;
				CLANG_WARN_BOOL_CONVERSION = YES;
				CLANG_WARN_CONSTANT_CONVERSION = YES;
				CLANG_WARN_DIRECT_OBJC_ISA_USAGE = YES_ERROR;
				CLANG_WARN_EMPTY_BODY = YES;
				CLANG_WARN_ENUM_CONVERSION = YES;
				CLANG_WARN_INT_CONVERSION = YES;
				CLANG_WARN_OBJC_ROOT_CLASS = YES_ERROR;
				CLANG_WARN_UNREACHABLE_CODE = YES;
				CLANG_WARN__DUPLICATE_METHOD_MATCH = YES;
				COPY_PHASE_STRIP = NO;
				DEBUG_INFORMATION_FORMAT = dwarf;
				ENABLE_STRICT_OBJC_MSGSEND = YES;
				GCC_C_LANGUAGE_STANDARD = gnu99;
				GCC_DYNAMIC_NO_PIC = NO;
				GCC_NO_COMMON_BLOCKS = YES;
				GCC_OPTIMIZATION_LEVEL = 0;
				GCC_PREPROCESSOR_DEFINITIONS = (
					"DEBUG=1",
					"$(inherited)",
				);
				GCC_SYMBOLS_PRIVATE_EXTERN = NO;
				GCC_WARN_64_TO_32_BIT_CONVERSION = YES;
				GCC_WARN_ABOUT_RETURN_TYPE = YES_ERROR;
				GCC_WARN_UNDECLARED_SELECTOR = YES;
				GCC_WARN_UNINITIALIZED_AUTOS = YES_AGGRESSIVE;
				GCC_WARN_UNUSED_FUNCTION = YES;
				GCC_WARN_UNUSED_VARIABLE = YES;
				MACOSX_DEPLOYMENT_TARGET = 10.10;
				MTL_ENABLE_DEBUG_INFO = YES;
				ONLY_ACTIVE_ARCH = YES;
				SDKROOT = macosx;
			};
			name = Debug;
		};
		3A7646911B674E9E00738A93 /* Release */ = {
			isa = XCBuildConfiguration;
			buildSettings = {
				ALWAYS_SEARCH_USER_PATHS = NO;
				CLANG_CXX_LANGUAGE_STANDARD = "gnu++0x";
				CLANG_CXX_LIBRARY = "libc++";
				CLANG_ENABLE_MODULES = YES;
				CLANG_ENABLE_OBJC_ARC = YES;
				CLANG_WARN_BOOL_CONVERSION = YES;
				CLANG_WARN_CONSTANT_CONVERSION = YES;
				CLANG_WARN_DIRECT_OBJC_ISA_USAGE = YES_ERROR;
				CLANG_WARN_EMPTY_BODY = YES;
				CLANG_WARN_ENUM_CONVERSION = YES;
				CLANG_WARN_INT_CONVERSION = YES;
				CLANG_WARN_OBJC_ROOT_CLASS = YES_ERROR;
				CLANG_WARN_UNREACHABLE_CODE = YES;
				CLANG_WARN__DUPLICATE_METHOD_MATCH = YES;
				COPY_PHASE_STRIP = NO;
				DEBUG_INFORMATION_FORMAT = "dwarf-with-dsym";
				ENABLE_NS_ASSERTIONS = NO;
				ENABLE_STRICT_OBJC_MSGSEND = YES;
				GCC_C_LANGUAGE_STANDARD = gnu99;
				GCC_NO_COMMON_BLOCKS = YES;
				GCC_WARN_64_TO_32_BIT_CONVERSION = YES;
				GCC_WARN_ABOUT_RETURN_TYPE = YES_ERROR;
				GCC_WARN_UNDECLARED_SELECTOR = YES;
				GCC_WARN_UNINITIALIZED_AUTOS = YES_AGGRESSIVE;
				GCC_WARN_UNUSED_FUNCTION = YES;
				GCC_WARN_UNUSED_VARIABLE = YES;
				MACOSX_DEPLOYMENT_TARGET = 10.10;
				MTL_ENABLE_DEBUG_INFO = NO;
				SDKROOT = macosx;
			};
			name = Release;
		};
		3A7646931B674E9E00738A93 /* Debug */ = {
			isa = XCBuildConfiguration;
			buildSettings = {
				DYLIB_COMPATIBILITY_VERSION = 1;
				DYLIB_CURRENT_VERSION = 1;
				EXECUTABLE_PREFIX = lib;
				PRODUCT_NAME = "$(TARGET_NAME)";
			};
			name = Debug;
		};
		3A7646941B674E9E00738A93 /* Release */ = {
			isa = XCBuildConfiguration;
			buildSettings = {
				DYLIB_COMPATIBILITY_VERSION = 1;
				DYLIB_CURRENT_VERSION = 1;
				EXECUTABLE_PREFIX = lib;
				PRODUCT_NAME = "$(TARGET_NAME)";
			};
			name = Release;
		};
		3A7646961B674E9E00738A93 /* Debug */ = {
			isa = XCBuildConfiguration;
			buildSettings = {
				COMBINE_HIDPI_IMAGES = YES;
				FRAMEWORK_SEARCH_PATHS = (
					"$(DEVELOPER_FRAMEWORKS_DIR)",
					"$(inherited)",
				);
				GCC_PREPROCESSOR_DEFINITIONS = (
					"DEBUG=1",
					"$(inherited)",
				);
				INFOPLIST_FILE = sigslotTests/Info.plist;
				LD_RUNPATH_SEARCH_PATHS = "$(inherited) @executable_path/../Frameworks @loader_path/../Frameworks";
				PRODUCT_NAME = "$(TARGET_NAME)";
			};
			name = Debug;
		};
		3A7646971B674E9E00738A93 /* Release */ = {
			isa = XCBuildConfiguration;
			buildSettings = {
				COMBINE_HIDPI_IMAGES = YES;
				FRAMEWORK_SEARCH_PATHS = (
					"$(DEVELOPER_FRAMEWORKS_DIR)",
					"$(inherited)",
				);
				INFOPLIST_FILE = sigslotTests/Info.plist;
				LD_RUNPATH_SEARCH_PATHS = "$(inherited) @executable_path/../Frameworks @loader_path/../Frameworks";
				PRODUCT_NAME = "$(TARGET_NAME)";
			};
			name = Release;
		};
/* End XCBuildConfiguration section */

/* Begin XCConfigurationList section */
		3A7646791B674E9E00738A93 /* Build configuration list for PBXProject "sigslot" */ = {
			isa = XCConfigurationList;
			buildConfigurations = (
				3A7646901B674E9E00738A93 /* Debug */,
				3A7646911B674E9E00738A93 /* Release */,
			);
			defaultConfigurationIsVisible = 0;
			defaultConfigurationName = Release;
		};
		3A7646921B674E9E00738A93 /* Build configuration list for PBXNativeTarget "sigslot" */ = {
			isa = XCConfigurationList;
			buildConfigurations = (
				3A7646931B674E9E00738A93 /* Debug */,
				3A7646941B674E9E00738A93 /* Release */,
			);
			defaultConfigurationIsVisible = 0;
			defaultConfigurationName = Release;
		};
		3A7646951B674E9E00738A93 /* Build configuration list for PBXNativeTarget "sigslotTests" */ = {
			isa = XCConfigurationList;
			buildConfigurations = (
				3A7646961B674E9E00738A93 /* Debug */,
				3A7646971B674E9E00738A93 /* Release */,
			);
			defaultConfigurationIsVisible = 0;
			defaultConfigurationName = Release;
		};
/* End XCConfigurationList section */
	};
	rootObject = 3A7646761B674E9E00738A93 /* Project object */;
}
